
Microsoft Visual Studio Solution File, Format Version 12.00
# Visual Studio Version 17
VisualStudioVersion = 17.4.33103.184
MinimumVisualStudioVersion = 10.0.40219.1
Project("{FAE04EC0-301F-11D3-BF4B-00C04F79EFBC}") = "SimpleFactoryPattern", "SimpleFactory\SimpleFactoryPattern.csproj", "{58537D23-C6E5-4897-AD87-B5B276C3AD99}"
EndProject
Global
	GlobalSection(SolutionConfigurationPlatforms) = preSolution
		Debug|Any CPU = Debug|Any CPU
		Release|Any CPU = Release|Any CPU
	EndGlobalSection
	GlobalSection(ProjectConfigurationPlatforms) = postSolution
		{58537D23-C6E5-4897-AD87-B5B276C3AD99}.Debug|Any CPU.ActiveCfg = Debug|Any CPU
		{58537D23-C6E5-4897-AD87-B5B276C3AD99}.Debug|Any CPU.Build.0 = Debug|Any CPU
		{58537D23-C6E5-4897-AD87-B5B276C3AD99}.Release|Any CPU.ActiveCfg = Release|Any CPU
		{58537D23-C6E5-4897-AD87-B5B276C3AD99}.Release|Any CPU.Build.0 = Release|Any CPU
	EndGlobalSection
	GlobalSection(SolutionProperties) = preSolution
		HideSolutionNode = FALSE
	EndGlobalSection
	GlobalSection(ExtensibilityGlobals) = postSolution
		SolutionGuid = {E638C752-91DD-4371-BA84-067810DBD358}
	EndGlobalSection
EndGlobal
